{
  "version": 4,
  "terraform_version": "1.7.2",
  "serial": 10,
  "lineage": "0f6c2504-d19c-a672-9739-e674a92f0f11",
  "outputs": {},
  "resources": [
    {
      "mode": "managed",
      "type": "cloudflare_record",
      "name": "terraform-add",
      "provider": "provider[\"registry.terraform.io/cloudflare/cloudflare\"]",
      "instances": [
        {
          "schema_version": 2,
          "attributes": {
            "allow_overwrite": false,
            "comment": "",
            "created_on": "2024-02-04T10:15:20.210883Z",
            "data": [],
            "hostname": "terraform.testlink.me",
            "id": "c83f47e2d7728be97d9d21829696c136",
            "metadata": {
              "auto_added": "false",
              "managed_by_apps": "false",
              "managed_by_argo_tunnel": "false",
              "source": "primary"
            },
            "modified_on": "2024-02-04T10:15:20.210883Z",
            "name": "terraform",
            "priority": null,
            "proxiable": true,
            "proxied": false,
            "tags": null,
            "timeouts": null,
            "ttl": 3600,
            "type": "A",
            "value": "192.0.2.1",
            "zone_id": "58585b65f5beab7cf2efbed62cfc7a95"
          },
          "sensitive_attributes": [],
          "private": "eyJlMmJmYjczMC1lY2FhLTExZTYtOGY4OC0zNDM2M2JjN2M0YzAiOnsiY3JlYXRlIjozMDAwMDAwMDAwMCwidXBkYXRlIjozMDAwMDAwMDAwMH0sInNjaGVtYV92ZXJzaW9uIjoiMiJ9"
        }
      ]
    }
  ],
  "check_results": null
}
